
Microsoft Visual Studio Solution File, Format Version 12.00
# Visual Studio Version 17
VisualStudioVersion = 17.6.33801.468
MinimumVisualStudioVersion = 10.0.40219.1
Project("{2150E333-8FDC-42A3-9474-1A3956D46DE8}") = "Services", "Services", "{54D8CB72-EB8D-413D-A0EE-7C65F5B93A17}"
EndProject
Project("{2150E333-8FDC-42A3-9474-1A3956D46DE8}") = "Catalog", "Catalog", "{E206D28C-459B-46E2-89D3-434DBF0AFEB6}"
EndProject
Project("{FAE04EC0-301F-11D3-BF4B-00C04F79EFBC}") = "Catalog.API", "Services\Catalog\Catalog.API\Catalog.API.csproj", "{7B0AFD26-49FD-4B07-BAA7-B240469D4BB9}"
EndProject
Global
	GlobalSection(SolutionConfigurationPlatforms) = preSolution
		Debug|Any CPU = Debug|Any CPU
		Release|Any CPU = Release|Any CPU
	EndGlobalSection
	GlobalSection(ProjectConfigurationPlatforms) = postSolution
		{7B0AFD26-49FD-4B07-BAA7-B240469D4BB9}.Debug|Any CPU.ActiveCfg = Debug|Any CPU
		{7B0AFD26-49FD-4B07-BAA7-B240469D4BB9}.Debug|Any CPU.Build.0 = Debug|Any CPU
		{7B0AFD26-49FD-4B07-BAA7-B240469D4BB9}.Release|Any CPU.ActiveCfg = Release|Any CPU
		{7B0AFD26-49FD-4B07-BAA7-B240469D4BB9}.Release|Any CPU.Build.0 = Release|Any CPU
	EndGlobalSection
	GlobalSection(SolutionProperties) = preSolution
		HideSolutionNode = FALSE
	EndGlobalSection
	GlobalSection(NestedProjects) = preSolution
		{E206D28C-459B-46E2-89D3-434DBF0AFEB6} = {54D8CB72-EB8D-413D-A0EE-7C65F5B93A17}
		{7B0AFD26-49FD-4B07-BAA7-B240469D4BB9} = {E206D28C-459B-46E2-89D3-434DBF0AFEB6}
	EndGlobalSection
	GlobalSection(ExtensibilityGlobals) = postSolution
		SolutionGuid = {F45E6EB8-3B08-486F-9417-92068256C4C9}
	EndGlobalSection
EndGlobal
